# THIS IS AN AUTOGENERATED FILE. DO NOT EDIT THIS FILE DIRECTLY.
# yarn lockfile v1


"@schpet/config@^0.0.3":
  version "0.0.3"
  resolved "https://registry.yarnpkg.com/@schpet/config/-/config-0.0.3.tgz#51f83ae208ed26527b164d840d464311ce7dafcc"
  integrity sha512-RdqMBD28G8RAyZF9AAsZR5ZOWepD5xxut3Q4agatW1P5sB1TtY7YcfEtfF4DuWRxndbeQeiZae3pKA5z1lCWaQ==
